// !$*UTF8*$!
{
	archiveVersion = 1;
	classes = {
	};
	objectVersion = 46;
	objects = {

/* Begin PBXBuildFile section */
		D338D4351D107E9D00BB86C1 /* NotificationsHandler.swift in Sources */ = {isa = PBXBuildFile; fileRef = D338D4341D107E9D00BB86C1 /* NotificationsHandler.swift */; };
		D338D4371D10842900BB86C1 /* CircleAnimation.swift in Sources */ = {isa = PBXBuildFile; fileRef = D338D4361D10842900BB86C1 /* CircleAnimation.swift */; };
		D338D4391D108FEE00BB86C1 /* Defaults.swift in Sources */ = {isa = PBXBuildFile; fileRef = D338D4381D108FEE00BB86C1 /* Defaults.swift */; };
		D338D4431D1140B600BB86C1 /* AppDelegate.swift in Sources */ = {isa = PBXBuildFile; fileRef = D338D4421D1140B600BB86C1 /* AppDelegate.swift */; };
		D338D4451D1140B600BB86C1 /* ViewController.swift in Sources */ = {isa = PBXBuildFile; fileRef = D338D4441D1140B600BB86C1 /* ViewController.swift */; };
		D338D4471D1140B600BB86C1 /* Assets.xcassets in Resources */ = {isa = PBXBuildFile; fileRef = D338D4461D1140B600BB86C1 /* Assets.xcassets */; };
		D338D44A1D1140B600BB86C1 /* Main.storyboard in Resources */ = {isa = PBXBuildFile; fileRef = D338D4481D1140B600BB86C1 /* Main.storyboard */; };
		D338D4511D1141E900BB86C1 /* LauncherApplication.app in CopyFiles */ = {isa = PBXBuildFile; fileRef = D338D4401D1140B600BB86C1 /* LauncherApplication.app */; settings = {ATTRIBUTES = (RemoveHeadersOnCopy, ); }; };
		D338D4531D11421500BB86C1 /* ServiceManagement.framework in Frameworks */ = {isa = PBXBuildFile; fileRef = D338D4521D11421500BB86C1 /* ServiceManagement.framework */; };
		D338D4551D11422000BB86C1 /* Cocoa.framework in Frameworks */ = {isa = PBXBuildFile; fileRef = D338D4541D11422000BB86C1 /* Cocoa.framework */; };
		D338D45A1D11AD7B00BB86C1 /* TasksViewController.swift in Sources */ = {isa = PBXBuildFile; fileRef = D338D4581D11AD7B00BB86C1 /* TasksViewController.swift */; };
		D338D45B1D11AD7B00BB86C1 /* TasksViewController.xib in Resources */ = {isa = PBXBuildFile; fileRef = D338D4591D11AD7B00BB86C1 /* TasksViewController.xib */; };
		D3E8E1991D13E6D10084B664 /* TaskKeys.swift in Sources */ = {isa = PBXBuildFile; fileRef = D3E8E1981D13E6D10084B664 /* TaskKeys.swift */; };
		D3E8E19A1D13EB570084B664 /* Tasks.plist in Resources */ = {isa = PBXBuildFile; fileRef = D3E8E1961D13E5C80084B664 /* Tasks.plist */; };
		D3E8E19C1D13F3550084B664 /* PlistManager.swift in Sources */ = {isa = PBXBuildFile; fileRef = D3E8E19B1D13F3550084B664 /* PlistManager.swift */; };
		D3ECECBF1D1033BF0069BC94 /* AppDelegate.swift in Sources */ = {isa = PBXBuildFile; fileRef = D3ECECBE1D1033BF0069BC94 /* AppDelegate.swift */; };
		D3ECECC11D1033C00069BC94 /* Assets.xcassets in Resources */ = {isa = PBXBuildFile; fileRef = D3ECECC01D1033C00069BC94 /* Assets.xcassets */; };
		D3ECECC41D1033C00069BC94 /* MainMenu.xib in Resources */ = {isa = PBXBuildFile; fileRef = D3ECECC21D1033C00069BC94 /* MainMenu.xib */; };
		D3ECECD21D1034860069BC94 /* AboutWindowController.swift in Sources */ = {isa = PBXBuildFile; fileRef = D3ECECD01D1034860069BC94 /* AboutWindowController.swift */; };
		D3ECECD31D1034860069BC94 /* AboutWindowController.xib in Resources */ = {isa = PBXBuildFile; fileRef = D3ECECD11D1034860069BC94 /* AboutWindowController.xib */; };
		D3ECECD71D1034AC0069BC94 /* PreferencesWindowController.swift in Sources */ = {isa = PBXBuildFile; fileRef = D3ECECD51D1034AC0069BC94 /* PreferencesWindowController.swift */; };
		D3ECECD81D1034AC0069BC94 /* PreferencesWindowController.xib in Resources */ = {isa = PBXBuildFile; fileRef = D3ECECD61D1034AC0069BC94 /* PreferencesWindowController.xib */; };
		D3ECECDF1D1034F70069BC94 /* EventMonitor.swift in Sources */ = {isa = PBXBuildFile; fileRef = D3ECECDA1D1034F70069BC94 /* EventMonitor.swift */; };
		D3ECECE01D1034F70069BC94 /* PomodoroViewController.swift in Sources */ = {isa = PBXBuildFile; fileRef = D3ECECDB1D1034F70069BC94 /* PomodoroViewController.swift */; };
		D3ECECE11D1034F70069BC94 /* PomodoroViewController.xib in Resources */ = {isa = PBXBuildFile; fileRef = D3ECECDC1D1034F70069BC94 /* PomodoroViewController.xib */; };
		D3ECECE21D1034F70069BC94 /* PopoverRootView.swift in Sources */ = {isa = PBXBuildFile; fileRef = D3ECECDD1D1034F70069BC94 /* PopoverRootView.swift */; };
		D3ECECE31D1034F70069BC94 /* Timer.swift in Sources */ = {isa = PBXBuildFile; fileRef = D3ECECDE1D1034F70069BC94 /* Timer.swift */; };
/* End PBXBuildFile section */

/* Begin PBXCopyFilesBuildPhase section */
		D338D4501D1141CC00BB86C1 /* CopyFiles */ = {
			isa = PBXCopyFilesBuildPhase;
			buildActionMask = 2147483647;
			dstPath = Contents/Library/LoginItems;
			dstSubfolderSpec = 1;
			files = (
				D338D4511D1141E900BB86C1 /* LauncherApplication.app in CopyFiles */,
			);
			runOnlyForDeploymentPostprocessing = 0;
		};
/* End PBXCopyFilesBuildPhase section */

/* Begin PBXFileReference section */
		D338D4341D107E9D00BB86C1 /* NotificationsHandler.swift */ = {isa = PBXFileReference; fileEncoding = 4; lastKnownFileType = sourcecode.swift; path = NotificationsHandler.swift; sourceTree = "<group>"; };
		D338D4361D10842900BB86C1 /* CircleAnimation.swift */ = {isa = PBXFileReference; fileEncoding = 4; lastKnownFileType = sourcecode.swift; path = CircleAnimation.swift; sourceTree = "<group>"; };
		D338D4381D108FEE00BB86C1 /* Defaults.swift */ = {isa = PBXFileReference; fileEncoding = 4; lastKnownFileType = sourcecode.swift; path = Defaults.swift; sourceTree = "<group>"; };
		D338D43B1D113F5A00BB86C1 /* Pomodoro.entitlements */ = {isa = PBXFileReference; lastKnownFileType = text.xml; path = Pomodoro.entitlements; sourceTree = "<group>"; };
		D338D4401D1140B600BB86C1 /* LauncherApplication.app */ = {isa = PBXFileReference; explicitFileType = wrapper.application; includeInIndex = 0; path = LauncherApplication.app; sourceTree = BUILT_PRODUCTS_DIR; };
		D338D4421D1140B600BB86C1 /* AppDelegate.swift */ = {isa = PBXFileReference; lastKnownFileType = sourcecode.swift; path = AppDelegate.swift; sourceTree = "<group>"; };
		D338D4441D1140B600BB86C1 /* ViewController.swift */ = {isa = PBXFileReference; lastKnownFileType = sourcecode.swift; path = ViewController.swift; sourceTree = "<group>"; };
		D338D4461D1140B600BB86C1 /* Assets.xcassets */ = {isa = PBXFileReference; lastKnownFileType = folder.assetcatalog; path = Assets.xcassets; sourceTree = "<group>"; };
		D338D4491D1140B600BB86C1 /* Base */ = {isa = PBXFileReference; lastKnownFileType = file.storyboard; name = Base; path = Base.lproj/Main.storyboard; sourceTree = "<group>"; };
		D338D44B1D1140B600BB86C1 /* Info.plist */ = {isa = PBXFileReference; lastKnownFileType = text.plist.xml; path = Info.plist; sourceTree = "<group>"; };
		D338D44F1D1140E000BB86C1 /* LauncherApplication.entitlements */ = {isa = PBXFileReference; lastKnownFileType = text.xml; path = LauncherApplication.entitlements; sourceTree = "<group>"; };
		D338D4521D11421500BB86C1 /* ServiceManagement.framework */ = {isa = PBXFileReference; lastKnownFileType = wrapper.framework; name = ServiceManagement.framework; path = System/Library/Frameworks/ServiceManagement.framework; sourceTree = SDKROOT; };
		D338D4541D11422000BB86C1 /* Cocoa.framework */ = {isa = PBXFileReference; lastKnownFileType = wrapper.framework; name = Cocoa.framework; path = System/Library/Frameworks/Cocoa.framework; sourceTree = SDKROOT; };
		D338D4581D11AD7B00BB86C1 /* TasksViewController.swift */ = {isa = PBXFileReference; fileEncoding = 4; lastKnownFileType = sourcecode.swift; name = TasksViewController.swift; path = Tasks/TasksViewController.swift; sourceTree = "<group>"; };
		D338D4591D11AD7B00BB86C1 /* TasksViewController.xib */ = {isa = PBXFileReference; fileEncoding = 4; lastKnownFileType = file.xib; name = TasksViewController.xib; path = Tasks/TasksViewController.xib; sourceTree = "<group>"; };
		D3E8E1961D13E5C80084B664 /* Tasks.plist */ = {isa = PBXFileReference; fileEncoding = 4; lastKnownFileType = text.plist.xml; name = Tasks.plist; path = Tasks/Tasks.plist; sourceTree = "<group>"; };
		D3E8E1981D13E6D10084B664 /* TaskKeys.swift */ = {isa = PBXFileReference; fileEncoding = 4; lastKnownFileType = sourcecode.swift; path = TaskKeys.swift; sourceTree = "<group>"; };
		D3E8E19B1D13F3550084B664 /* PlistManager.swift */ = {isa = PBXFileReference; fileEncoding = 4; lastKnownFileType = sourcecode.swift; path = PlistManager.swift; sourceTree = "<group>"; };
		D3ECECBB1D1033BF0069BC94 /* Focusin.app */ = {isa = PBXFileReference; explicitFileType = wrapper.application; includeInIndex = 0; path = Focusin.app; sourceTree = BUILT_PRODUCTS_DIR; };
		D3ECECBE1D1033BF0069BC94 /* AppDelegate.swift */ = {isa = PBXFileReference; lastKnownFileType = sourcecode.swift; path = AppDelegate.swift; sourceTree = "<group>"; };
		D3ECECC01D1033C00069BC94 /* Assets.xcassets */ = {isa = PBXFileReference; lastKnownFileType = folder.assetcatalog; path = Assets.xcassets; sourceTree = "<group>"; };
		D3ECECC31D1033C00069BC94 /* Base */ = {isa = PBXFileReference; lastKnownFileType = file.xib; name = Base; path = Base.lproj/MainMenu.xib; sourceTree = "<group>"; };
		D3ECECC51D1033C00069BC94 /* Info.plist */ = {isa = PBXFileReference; lastKnownFileType = text.plist.xml; path = Info.plist; sourceTree = "<group>"; };
		D3ECECD01D1034860069BC94 /* AboutWindowController.swift */ = {isa = PBXFileReference; fileEncoding = 4; lastKnownFileType = sourcecode.swift; name = AboutWindowController.swift; path = About/AboutWindowController.swift; sourceTree = "<group>"; };
		D3ECECD11D1034860069BC94 /* AboutWindowController.xib */ = {isa = PBXFileReference; fileEncoding = 4; lastKnownFileType = file.xib; name = AboutWindowController.xib; path = About/AboutWindowController.xib; sourceTree = "<group>"; };
		D3ECECD51D1034AC0069BC94 /* PreferencesWindowController.swift */ = {isa = PBXFileReference; fileEncoding = 4; lastKnownFileType = sourcecode.swift; name = PreferencesWindowController.swift; path = Preferences/PreferencesWindowController.swift; sourceTree = "<group>"; };
		D3ECECD61D1034AC0069BC94 /* PreferencesWindowController.xib */ = {isa = PBXFileReference; fileEncoding = 4; lastKnownFileType = file.xib; name = PreferencesWindowController.xib; path = Preferences/PreferencesWindowController.xib; sourceTree = "<group>"; };
		D3ECECDA1D1034F70069BC94 /* EventMonitor.swift */ = {isa = PBXFileReference; fileEncoding = 4; lastKnownFileType = sourcecode.swift; path = EventMonitor.swift; sourceTree = "<group>"; };
		D3ECECDB1D1034F70069BC94 /* PomodoroViewController.swift */ = {isa = PBXFileReference; fileEncoding = 4; lastKnownFileType = sourcecode.swift; path = PomodoroViewController.swift; sourceTree = "<group>"; };
		D3ECECDC1D1034F70069BC94 /* PomodoroViewController.xib */ = {isa = PBXFileReference; fileEncoding = 4; lastKnownFileType = file.xib; path = PomodoroViewController.xib; sourceTree = "<group>"; };
		D3ECECDD1D1034F70069BC94 /* PopoverRootView.swift */ = {isa = PBXFileReference; fileEncoding = 4; lastKnownFileType = sourcecode.swift; path = PopoverRootView.swift; sourceTree = "<group>"; };
		D3ECECDE1D1034F70069BC94 /* Timer.swift */ = {isa = PBXFileReference; fileEncoding = 4; lastKnownFileType = sourcecode.swift; path = Timer.swift; sourceTree = "<group>"; };
/* End PBXFileReference section */

/* Begin PBXFrameworksBuildPhase section */
		D338D43D1D1140B600BB86C1 /* Frameworks */ = {
			isa = PBXFrameworksBuildPhase;
			buildActionMask = 2147483647;
			files = (
				D338D4551D11422000BB86C1 /* Cocoa.framework in Frameworks */,
				D338D4531D11421500BB86C1 /* ServiceManagement.framework in Frameworks */,
			);
			runOnlyForDeploymentPostprocessing = 0;
		};
		D3ECECB81D1033BF0069BC94 /* Frameworks */ = {
			isa = PBXFrameworksBuildPhase;
			buildActionMask = 2147483647;
			files = (
			);
			runOnlyForDeploymentPostprocessing = 0;
		};
/* End PBXFrameworksBuildPhase section */

/* Begin PBXGroup section */
		D338D4411D1140B600BB86C1 /* LauncherApplication */ = {
			isa = PBXGroup;
			children = (
				D338D44F1D1140E000BB86C1 /* LauncherApplication.entitlements */,
				D338D4421D1140B600BB86C1 /* AppDelegate.swift */,
				D338D4441D1140B600BB86C1 /* ViewController.swift */,
				D338D4461D1140B600BB86C1 /* Assets.xcassets */,
				D338D4481D1140B600BB86C1 /* Main.storyboard */,
				D338D44B1D1140B600BB86C1 /* Info.plist */,
			);
			path = LauncherApplication;
			sourceTree = "<group>";
		};
		D338D4561D11422B00BB86C1 /* Frameworks */ = {
			isa = PBXGroup;
			children = (
				D338D4541D11422000BB86C1 /* Cocoa.framework */,
				D338D4521D11421500BB86C1 /* ServiceManagement.framework */,
			);
			name = Frameworks;
			sourceTree = "<group>";
		};
		D338D4571D11AD5700BB86C1 /* Task */ = {
			isa = PBXGroup;
			children = (
				D3E8E19B1D13F3550084B664 /* PlistManager.swift */,
				D338D4581D11AD7B00BB86C1 /* TasksViewController.swift */,
				D338D4591D11AD7B00BB86C1 /* TasksViewController.xib */,
				D3E8E1961D13E5C80084B664 /* Tasks.plist */,
				D3E8E1981D13E6D10084B664 /* TaskKeys.swift */,
			);
			name = Task;
			sourceTree = "<group>";
		};
		D3ECECB21D1033BF0069BC94 = {
			isa = PBXGroup;
			children = (
				D338D4561D11422B00BB86C1 /* Frameworks */,
				D338D43B1D113F5A00BB86C1 /* Pomodoro.entitlements */,
				D3ECECBD1D1033BF0069BC94 /* Focusin */,
				D338D4411D1140B600BB86C1 /* LauncherApplication */,
				D3ECECBC1D1033BF0069BC94 /* Products */,
			);
			sourceTree = "<group>";
		};
		D3ECECBC1D1033BF0069BC94 /* Products */ = {
			isa = PBXGroup;
			children = (
				D3ECECBB1D1033BF0069BC94 /* Focusin.app */,
				D338D4401D1140B600BB86C1 /* LauncherApplication.app */,
			);
			name = Products;
			sourceTree = "<group>";
		};
		D3ECECBD1D1033BF0069BC94 /* Focusin */ = {
			isa = PBXGroup;
			children = (
				D338D4571D11AD5700BB86C1 /* Task */,
				D3ECECC01D1033C00069BC94 /* Assets.xcassets */,
				D3ECECCB1D1034430069BC94 /* About */,
				D3ECECD41D1034940069BC94 /* Preferences */,
				D3ECECDB1D1034F70069BC94 /* PomodoroViewController.swift */,
				D3ECECDC1D1034F70069BC94 /* PomodoroViewController.xib */,
				D3ECECDD1D1034F70069BC94 /* PopoverRootView.swift */,
				D3ECECDA1D1034F70069BC94 /* EventMonitor.swift */,
				D3ECECDE1D1034F70069BC94 /* Timer.swift */,
				D3ECECBE1D1033BF0069BC94 /* AppDelegate.swift */,
				D3ECECC21D1033C00069BC94 /* MainMenu.xib */,
				D3ECECC51D1033C00069BC94 /* Info.plist */,
				D338D4341D107E9D00BB86C1 /* NotificationsHandler.swift */,
				D338D4361D10842900BB86C1 /* CircleAnimation.swift */,
				D338D4381D108FEE00BB86C1 /* Defaults.swift */,
			);
			path = Focusin;
			sourceTree = "<group>";
		};
		D3ECECCB1D1034430069BC94 /* About */ = {
			isa = PBXGroup;
			children = (
				D3ECECD01D1034860069BC94 /* AboutWindowController.swift */,
				D3ECECD11D1034860069BC94 /* AboutWindowController.xib */,
			);
			name = About;
			sourceTree = "<group>";
		};
		D3ECECD41D1034940069BC94 /* Preferences */ = {
			isa = PBXGroup;
			children = (
				D3ECECD51D1034AC0069BC94 /* PreferencesWindowController.swift */,
				D3ECECD61D1034AC0069BC94 /* PreferencesWindowController.xib */,
			);
			name = Preferences;
			sourceTree = "<group>";
		};
/* End PBXGroup section */

/* Begin PBXNativeTarget section */
		D338D43F1D1140B600BB86C1 /* LauncherApplication */ = {
			isa = PBXNativeTarget;
			buildConfigurationList = D338D44C1D1140B600BB86C1 /* Build configuration list for PBXNativeTarget "LauncherApplication" */;
			buildPhases = (
				D338D43C1D1140B600BB86C1 /* Sources */,
				D338D43D1D1140B600BB86C1 /* Frameworks */,
				D338D43E1D1140B600BB86C1 /* Resources */,
				D338D4501D1141CC00BB86C1 /* CopyFiles */,
			);
			buildRules = (
			);
			dependencies = (
			);
			name = LauncherApplication;
			productName = LauncherApplication;
			productReference = D338D4401D1140B600BB86C1 /* LauncherApplication.app */;
			productType = "com.apple.product-type.application";
		};
		D3ECECBA1D1033BF0069BC94 /* Pomodoro */ = {
			isa = PBXNativeTarget;
			buildConfigurationList = D3ECECC81D1033C00069BC94 /* Build configuration list for PBXNativeTarget "Pomodoro" */;
			buildPhases = (
				D3ECECB71D1033BF0069BC94 /* Sources */,
				D3ECECB81D1033BF0069BC94 /* Frameworks */,
				D3ECECB91D1033BF0069BC94 /* Resources */,
			);
			buildRules = (
			);
			dependencies = (
			);
			name = Pomodoro;
			productName = Pomodoro;
			productReference = D3ECECBB1D1033BF0069BC94 /* Focusin.app */;
			productType = "com.apple.product-type.application";
		};
/* End PBXNativeTarget section */

/* Begin PBXProject section */
		D3ECECB31D1033BF0069BC94 /* Project object */ = {
			isa = PBXProject;
			attributes = {
				LastSwiftUpdateCheck = 0730;
				LastUpgradeCheck = 0820;
				ORGANIZATIONNAME = "Alberto Quesada Aranda";
				TargetAttributes = {
					D338D43F1D1140B600BB86C1 = {
						CreatedOnToolsVersion = 7.3.1;
						DevelopmentTeam = SS2K3Q6K3Q;
						SystemCapabilities = {
							com.apple.Sandbox = {
								enabled = 1;
							};
						};
					};
					D3ECECBA1D1033BF0069BC94 = {
						CreatedOnToolsVersion = 7.3.1;
						DevelopmentTeam = SS2K3Q6K3Q;
						LastSwiftMigration = 0810;
						SystemCapabilities = {
							com.apple.Sandbox = {
								enabled = 1;
							};
						};
					};
				};
			};
			buildConfigurationList = D3ECECB61D1033BF0069BC94 /* Build configuration list for PBXProject "Focusin" */;
			compatibilityVersion = "Xcode 3.2";
			developmentRegion = English;
			hasScannedForEncodings = 0;
			knownRegions = (
				en,
				Base,
			);
			mainGroup = D3ECECB21D1033BF0069BC94;
			productRefGroup = D3ECECBC1D1033BF0069BC94 /* Products */;
			projectDirPath = "";
			projectRoot = "";
			targets = (
				D3ECECBA1D1033BF0069BC94 /* Pomodoro */,
				D338D43F1D1140B600BB86C1 /* LauncherApplication */,
			);
		};
/* End PBXProject section */

/* Begin PBXResourcesBuildPhase section */
		D338D43E1D1140B600BB86C1 /* Resources */ = {
			isa = PBXResourcesBuildPhase;
			buildActionMask = 2147483647;
			files = (
				D338D4471D1140B600BB86C1 /* Assets.xcassets in Resources */,
				D338D44A1D1140B600BB86C1 /* Main.storyboard in Resources */,
			);
			runOnlyForDeploymentPostprocessing = 0;
		};
		D3ECECB91D1033BF0069BC94 /* Resources */ = {
			isa = PBXResourcesBuildPhase;
			buildActionMask = 2147483647;
			files = (
				D3E8E19A1D13EB570084B664 /* Tasks.plist in Resources */,
				D3ECECD31D1034860069BC94 /* AboutWindowController.xib in Resources */,
				D3ECECC11D1033C00069BC94 /* Assets.xcassets in Resources */,
				D3ECECE11D1034F70069BC94 /* PomodoroViewController.xib in Resources */,
				D3ECECD81D1034AC0069BC94 /* PreferencesWindowController.xib in Resources */,
				D3ECECC41D1033C00069BC94 /* MainMenu.xib in Resources */,
				D338D45B1D11AD7B00BB86C1 /* TasksViewController.xib in Resources */,
			);
			runOnlyForDeploymentPostprocessing = 0;
		};
/* End PBXResourcesBuildPhase section */

/* Begin PBXSourcesBuildPhase section */
		D338D43C1D1140B600BB86C1 /* Sources */ = {
			isa = PBXSourcesBuildPhase;
			buildActionMask = 2147483647;
			files = (
				D338D4451D1140B600BB86C1 /* ViewController.swift in Sources */,
				D338D4431D1140B600BB86C1 /* AppDelegate.swift in Sources */,
			);
			runOnlyForDeploymentPostprocessing = 0;
		};
		D3ECECB71D1033BF0069BC94 /* Sources */ = {
			isa = PBXSourcesBuildPhase;
			buildActionMask = 2147483647;
			files = (
				D3ECECD71D1034AC0069BC94 /* PreferencesWindowController.swift in Sources */,
				D3ECECBF1D1033BF0069BC94 /* AppDelegate.swift in Sources */,
				D338D45A1D11AD7B00BB86C1 /* TasksViewController.swift in Sources */,
				D338D4371D10842900BB86C1 /* CircleAnimation.swift in Sources */,
				D3E8E1991D13E6D10084B664 /* TaskKeys.swift in Sources */,
				D3ECECE31D1034F70069BC94 /* Timer.swift in Sources */,
				D3ECECE21D1034F70069BC94 /* PopoverRootView.swift in Sources */,
				D3ECECE01D1034F70069BC94 /* PomodoroViewController.swift in Sources */,
				D338D4351D107E9D00BB86C1 /* NotificationsHandler.swift in Sources */,
				D338D4391D108FEE00BB86C1 /* Defaults.swift in Sources */,
				D3ECECD21D1034860069BC94 /* AboutWindowController.swift in Sources */,
				D3ECECDF1D1034F70069BC94 /* EventMonitor.swift in Sources */,
				D3E8E19C1D13F3550084B664 /* PlistManager.swift in Sources */,
			);
			runOnlyForDeploymentPostprocessing = 0;
		};
/* End PBXSourcesBuildPhase section */

/* Begin PBXVariantGroup section */
		D338D4481D1140B600BB86C1 /* Main.storyboard */ = {
			isa = PBXVariantGroup;
			children = (
				D338D4491D1140B600BB86C1 /* Base */,
			);
			name = Main.storyboard;
			sourceTree = "<group>";
		};
		D3ECECC21D1033C00069BC94 /* MainMenu.xib */ = {
			isa = PBXVariantGroup;
			children = (
				D3ECECC31D1033C00069BC94 /* Base */,
			);
			name = MainMenu.xib;
			sourceTree = "<group>";
		};
/* End PBXVariantGroup section */

/* Begin XCBuildConfiguration section */
		D338D44D1D1140B600BB86C1 /* Debug */ = {
			isa = XCBuildConfiguration;
			buildSettings = {
				ASSETCATALOG_COMPILER_APPICON_NAME = AppIcon;
				CODE_SIGN_ENTITLEMENTS = LauncherApplication/LauncherApplication.entitlements;
				CODE_SIGN_IDENTITY = "Mac Developer";
				"CODE_SIGN_IDENTITY[sdk=macosx*]" = "Mac Developer";
				COMBINE_HIDPI_IMAGES = YES;
				INFOPLIST_FILE = LauncherApplication/Info.plist;
				LD_RUNPATH_SEARCH_PATHS = "$(inherited) @executable_path/../Frameworks";
				PRODUCT_BUNDLE_IDENTIFIER = com.albertoquesada.LauncherApplication;
				PRODUCT_NAME = "$(TARGET_NAME)";
				PROVISIONING_PROFILE = "";
				SKIP_INSTALL = YES;
			};
			name = Debug;
		};
		D338D44E1D1140B600BB86C1 /* Release */ = {
			isa = XCBuildConfiguration;
			buildSettings = {
				ASSETCATALOG_COMPILER_APPICON_NAME = AppIcon;
				CODE_SIGN_ENTITLEMENTS = LauncherApplication/LauncherApplication.entitlements;
				CODE_SIGN_IDENTITY = "Mac Developer";
				"CODE_SIGN_IDENTITY[sdk=macosx*]" = "Mac Developer";
				COMBINE_HIDPI_IMAGES = YES;
				INFOPLIST_FILE = LauncherApplication/Info.plist;
				LD_RUNPATH_SEARCH_PATHS = "$(inherited) @executable_path/../Frameworks";
				PRODUCT_BUNDLE_IDENTIFIER = com.albertoquesada.LauncherApplication;
				PRODUCT_NAME = "$(TARGET_NAME)";
				PROVISIONING_PROFILE = "";
				SKIP_INSTALL = YES;
			};
			name = Release;
		};
		D3ECECC61D1033C00069BC94 /* Debug */ = {
			isa = XCBuildConfiguration;
			buildSettings = {
				ALWAYS_SEARCH_USER_PATHS = NO;
				CLANG_ANALYZER_NONNULL = YES;
				CLANG_CXX_LANGUAGE_STANDARD = "gnu++0x";
				CLANG_CXX_LIBRARY = "libc++";
				CLANG_ENABLE_MODULES = YES;
				CLANG_ENABLE_OBJC_ARC = YES;
				CLANG_WARN_BOOL_CONVERSION = YES;
				CLANG_WARN_CONSTANT_CONVERSION = YES;
				CLANG_WARN_DIRECT_OBJC_ISA_USAGE = YES_ERROR;
				CLANG_WARN_EMPTY_BODY = YES;
				CLANG_WARN_ENUM_CONVERSION = YES;
				CLANG_WARN_INFINITE_RECURSION = YES;
				CLANG_WARN_INT_CONVERSION = YES;
				CLANG_WARN_OBJC_ROOT_CLASS = YES_ERROR;
				CLANG_WARN_SUSPICIOUS_MOVE = YES;
				CLANG_WARN_UNREACHABLE_CODE = YES;
				CLANG_WARN__DUPLICATE_METHOD_MATCH = YES;
				CODE_SIGN_IDENTITY = "-";
				COPY_PHASE_STRIP = NO;
				DEBUG_INFORMATION_FORMAT = dwarf;
				ENABLE_STRICT_OBJC_MSGSEND = YES;
				ENABLE_TESTABILITY = YES;
				GCC_C_LANGUAGE_STANDARD = gnu99;
				GCC_DYNAMIC_NO_PIC = NO;
				GCC_NO_COMMON_BLOCKS = YES;
				GCC_OPTIMIZATION_LEVEL = 0;
				GCC_PREPROCESSOR_DEFINITIONS = (
					"DEBUG=1",
					"$(inherited)",
				);
				GCC_WARN_64_TO_32_BIT_CONVERSION = YES;
				GCC_WARN_ABOUT_RETURN_TYPE = YES_ERROR;
				GCC_WARN_UNDECLARED_SELECTOR = YES;
				GCC_WARN_UNINITIALIZED_AUTOS = YES_AGGRESSIVE;
				GCC_WARN_UNUSED_FUNCTION = YES;
				GCC_WARN_UNUSED_VARIABLE = YES;
				MACOSX_DEPLOYMENT_TARGET = 10.11;
				MTL_ENABLE_DEBUG_INFO = YES;
				ONLY_ACTIVE_ARCH = YES;
				SDKROOT = macosx;
				SWIFT_OPTIMIZATION_LEVEL = "-Onone";
			};
			name = Debug;
		};
		D3ECECC71D1033C00069BC94 /* Release */ = {
			isa = XCBuildConfiguration;
			buildSettings = {
				ALWAYS_SEARCH_USER_PATHS = NO;
				CLANG_ANALYZER_NONNULL = YES;
				CLANG_CXX_LANGUAGE_STANDARD = "gnu++0x";
				CLANG_CXX_LIBRARY = "libc++";
				CLANG_ENABLE_MODULES = YES;
				CLANG_ENABLE_OBJC_ARC = YES;
				CLANG_WARN_BOOL_CONVERSION = YES;
				CLANG_WARN_CONSTANT_CONVERSION = YES;
				CLANG_WARN_DIRECT_OBJC_ISA_USAGE = YES_ERROR;
				CLANG_WARN_EMPTY_BODY = YES;
				CLANG_WARN_ENUM_CONVERSION = YES;
				CLANG_WARN_INFINITE_RECURSION = YES;
				CLANG_WARN_INT_CONVERSION = YES;
				CLANG_WARN_OBJC_ROOT_CLASS = YES_ERROR;
				CLANG_WARN_SUSPICIOUS_MOVE = YES;
				CLANG_WARN_UNREACHABLE_CODE = YES;
				CLANG_WARN__DUPLICATE_METHOD_MATCH = YES;
				CODE_SIGN_IDENTITY = "-";
				COPY_PHASE_STRIP = NO;
				DEBUG_INFORMATION_FORMAT = "dwarf-with-dsym";
				ENABLE_NS_ASSERTIONS = NO;
				ENABLE_STRICT_OBJC_MSGSEND = YES;
				GCC_C_LANGUAGE_STANDARD = gnu99;
				GCC_NO_COMMON_BLOCKS = YES;
				GCC_WARN_64_TO_32_BIT_CONVERSION = YES;
				GCC_WARN_ABOUT_RETURN_TYPE = YES_ERROR;
				GCC_WARN_UNDECLARED_SELECTOR = YES;
				GCC_WARN_UNINITIALIZED_AUTOS = YES_AGGRESSIVE;
				GCC_WARN_UNUSED_FUNCTION = YES;
				GCC_WARN_UNUSED_VARIABLE = YES;
				MACOSX_DEPLOYMENT_TARGET = 10.11;
				MTL_ENABLE_DEBUG_INFO = NO;
				SDKROOT = macosx;
				SWIFT_OPTIMIZATION_LEVEL = "-Owholemodule";
			};
			name = Release;
		};
		D3ECECC91D1033C00069BC94 /* Debug */ = {
			isa = XCBuildConfiguration;
			buildSettings = {
				ASSETCATALOG_COMPILER_APPICON_NAME = AppIcon;
				CODE_SIGN_ENTITLEMENTS = Pomodoro.entitlements;
				CODE_SIGN_IDENTITY = "Mac Developer";
				"CODE_SIGN_IDENTITY[sdk=macosx*]" = "Mac Developer";
				COMBINE_HIDPI_IMAGES = YES;
				DEVELOPMENT_TEAM = SS2K3Q6K3Q;
				INFOPLIST_FILE = "$(SRCROOT)/Focusin/Info.plist";
				LD_RUNPATH_SEARCH_PATHS = "$(inherited) @executable_path/../Frameworks";
				MACOSX_DEPLOYMENT_TARGET = 10.10;
				PRODUCT_BUNDLE_IDENTIFIER = com.albertoquesada.Focusin;
				PRODUCT_NAME = Focusin;
				PROVISIONING_PROFILE = "";
				SWIFT_VERSION = 3.0;
			};
			name = Debug;
		};
		D3ECECCA1D1033C00069BC94 /* Release */ = {
			isa = XCBuildConfiguration;
			buildSettings = {
				ASSETCATALOG_COMPILER_APPICON_NAME = AppIcon;
				CODE_SIGN_ENTITLEMENTS = Pomodoro.entitlements;
				CODE_SIGN_IDENTITY = "Mac Developer";
				"CODE_SIGN_IDENTITY[sdk=macosx*]" = "Mac Developer";
				COMBINE_HIDPI_IMAGES = YES;
				DEVELOPMENT_TEAM = SS2K3Q6K3Q;
				INFOPLIST_FILE = "$(SRCROOT)/Focusin/Info.plist";
				LD_RUNPATH_SEARCH_PATHS = "$(inherited) @executable_path/../Frameworks";
				MACOSX_DEPLOYMENT_TARGET = 10.10;
				PRODUCT_BUNDLE_IDENTIFIER = com.albertoquesada.Focusin;
				PRODUCT_NAME = Focusin;
				PROVISIONING_PROFILE = "";
				SWIFT_VERSION = 3.0;
			};
			name = Release;
		};
/* End XCBuildConfiguration section */

/* Begin XCConfigurationList section */
		D338D44C1D1140B600BB86C1 /* Build configuration list for PBXNativeTarget "LauncherApplication" */ = {
			isa = XCConfigurationList;
			buildConfigurations = (
				D338D44D1D1140B600BB86C1 /* Debug */,
				D338D44E1D1140B600BB86C1 /* Release */,
			);
			defaultConfigurationIsVisible = 0;
			defaultConfigurationName = Release;
		};
		D3ECECB61D1033BF0069BC94 /* Build configuration list for PBXProject "Focusin" */ = {
			isa = XCConfigurationList;
			buildConfigurations = (
				D3ECECC61D1033C00069BC94 /* Debug */,
				D3ECECC71D1033C00069BC94 /* Release */,
			);
			defaultConfigurationIsVisible = 0;
			defaultConfigurationName = Release;
		};
		D3ECECC81D1033C00069BC94 /* Build configuration list for PBXNativeTarget "Pomodoro" */ = {
			isa = XCConfigurationList;
			buildConfigurations = (
				D3ECECC91D1033C00069BC94 /* Debug */,
				D3ECECCA1D1033C00069BC94 /* Release */,
			);
			defaultConfigurationIsVisible = 0;
			defaultConfigurationName = Release;
		};
/* End XCConfigurationList section */
	};
	rootObject = D3ECECB31D1033BF0069BC94 /* Project object */;
}
